// !$*UTF8*$!
{
	archiveVersion = 1;
	classes = {
	};
	objectVersion = 46;
	objects = {

/* Begin PBXBuildFile section */
		EED5EE261D115AD3001A3D4F /* main.m in Sources */ = {isa = PBXBuildFile; fileRef = EED5EE251D115AD3001A3D4F /* main.m */; };
		EED5EE291D115AD3001A3D4F /* AppDelegate.m in Sources */ = {isa = PBXBuildFile; fileRef = EED5EE281D115AD3001A3D4F /* AppDelegate.m */; };
		EED5EE2F1D115AD3001A3D4F /* Main.storyboard in Resources */ = {isa = PBXBuildFile; fileRef = EED5EE2D1D115AD3001A3D4F /* Main.storyboard */; };
		EED5EE311D115AD3001A3D4F /* Assets.xcassets in Resources */ = {isa = PBXBuildFile; fileRef = EED5EE301D115AD3001A3D4F /* Assets.xcassets */; };
		EED5EE341D115AD3001A3D4F /* LaunchScreen.storyboard in Resources */ = {isa = PBXBuildFile; fileRef = EED5EE321D115AD3001A3D4F /* LaunchScreen.storyboard */; };
		EED5EE3C1D115BB3001A3D4F /* MapKit.framework in Frameworks */ = {isa = PBXBuildFile; fileRef = EED5EE3B1D115BB3001A3D4F /* MapKit.framework */; };
		EED5EE3E1D115BC2001A3D4F /* CoreGraphics.framework in Frameworks */ = {isa = PBXBuildFile; fileRef = EED5EE3D1D115BC2001A3D4F /* CoreGraphics.framework */; };
		EED5EE401D115BC9001A3D4F /* UIKit.framework in Frameworks */ = {isa = PBXBuildFile; fileRef = EED5EE3F1D115BC9001A3D4F /* UIKit.framework */; };
		EED5EE421D115BD2001A3D4F /* Foundation.framework in Frameworks */ = {isa = PBXBuildFile; fileRef = EED5EE411D115BD2001A3D4F /* Foundation.framework */; };
		EED5EE451D116B23001A3D4F /* MapAnnotation.m in Sources */ = {isa = PBXBuildFile; fileRef = EED5EE441D116B23001A3D4F /* MapAnnotation.m */; };
		EED5EE481D11EA4C001A3D4F /* UIView+MKAnnotationView.m in Sources */ = {isa = PBXBuildFile; fileRef = EED5EE471D11EA4C001A3D4F /* UIView+MKAnnotationView.m */; };
		EEDED9FD1D16ACEE00AA0E29 /* Student.m in Sources */ = {isa = PBXBuildFile; fileRef = EEDED9FC1D16ACEE00AA0E29 /* Student.m */; };
		EEDEDA051D17107200AA0E29 /* DetailViewController.m in Sources */ = {isa = PBXBuildFile; fileRef = EEDEDA041D17107100AA0E29 /* DetailViewController.m */; };
		EEDEDA081D17108C00AA0E29 /* MapViewController.m in Sources */ = {isa = PBXBuildFile; fileRef = EEDEDA071D17108C00AA0E29 /* MapViewController.m */; };
		EEDEDA0B1D180E4800AA0E29 /* MeetingPlace.m in Sources */ = {isa = PBXBuildFile; fileRef = EEDEDA0A1D180E4800AA0E29 /* MeetingPlace.m */; };
		EEDEDA0E1D187E1E00AA0E29 /* StudentViewController.m in Sources */ = {isa = PBXBuildFile; fileRef = EEDEDA0D1D187E1E00AA0E29 /* StudentViewController.m */; };
/* End PBXBuildFile section */

/* Begin PBXFileReference section */
		EED5EE211D115AD2001A3D4F /* MapKit.app */ = {isa = PBXFileReference; explicitFileType = wrapper.application; includeInIndex = 0; path = MapKit.app; sourceTree = BUILT_PRODUCTS_DIR; };
		EED5EE251D115AD3001A3D4F /* main.m */ = {isa = PBXFileReference; lastKnownFileType = sourcecode.c.objc; path = main.m; sourceTree = "<group>"; };
		EED5EE271D115AD3001A3D4F /* AppDelegate.h */ = {isa = PBXFileReference; lastKnownFileType = sourcecode.c.h; path = AppDelegate.h; sourceTree = "<group>"; };
		EED5EE281D115AD3001A3D4F /* AppDelegate.m */ = {isa = PBXFileReference; lastKnownFileType = sourcecode.c.objc; path = AppDelegate.m; sourceTree = "<group>"; };
		EED5EE2E1D115AD3001A3D4F /* Base */ = {isa = PBXFileReference; lastKnownFileType = file.storyboard; name = Base; path = Base.lproj/Main.storyboard; sourceTree = "<group>"; };
		EED5EE301D115AD3001A3D4F /* Assets.xcassets */ = {isa = PBXFileReference; lastKnownFileType = folder.assetcatalog; path = Assets.xcassets; sourceTree = "<group>"; };
		EED5EE331D115AD3001A3D4F /* Base */ = {isa = PBXFileReference; lastKnownFileType = file.storyboard; name = Base; path = Base.lproj/LaunchScreen.storyboard; sourceTree = "<group>"; };
		EED5EE351D115AD3001A3D4F /* Info.plist */ = {isa = PBXFileReference; lastKnownFileType = text.plist.xml; path = Info.plist; sourceTree = "<group>"; };
		EED5EE3B1D115BB3001A3D4F /* MapKit.framework */ = {isa = PBXFileReference; lastKnownFileType = wrapper.framework; name = MapKit.framework; path = System/Library/Frameworks/MapKit.framework; sourceTree = SDKROOT; };
		EED5EE3D1D115BC2001A3D4F /* CoreGraphics.framework */ = {isa = PBXFileReference; lastKnownFileType = wrapper.framework; name = CoreGraphics.framework; path = System/Library/Frameworks/CoreGraphics.framework; sourceTree = SDKROOT; };
		EED5EE3F1D115BC9001A3D4F /* UIKit.framework */ = {isa = PBXFileReference; lastKnownFileType = wrapper.framework; name = UIKit.framework; path = System/Library/Frameworks/UIKit.framework; sourceTree = SDKROOT; };
		EED5EE411D115BD2001A3D4F /* Foundation.framework */ = {isa = PBXFileReference; lastKnownFileType = wrapper.framework; name = Foundation.framework; path = System/Library/Frameworks/Foundation.framework; sourceTree = SDKROOT; };
		EED5EE431D116B23001A3D4F /* MapAnnotation.h */ = {isa = PBXFileReference; fileEncoding = 4; lastKnownFileType = sourcecode.c.h; path = MapAnnotation.h; sourceTree = "<group>"; };
		EED5EE441D116B23001A3D4F /* MapAnnotation.m */ = {isa = PBXFileReference; fileEncoding = 4; lastKnownFileType = sourcecode.c.objc; path = MapAnnotation.m; sourceTree = "<group>"; };
		EED5EE461D11EA4C001A3D4F /* UIView+MKAnnotationView.h */ = {isa = PBXFileReference; fileEncoding = 4; lastKnownFileType = sourcecode.c.h; path = "UIView+MKAnnotationView.h"; sourceTree = "<group>"; };
		EED5EE471D11EA4C001A3D4F /* UIView+MKAnnotationView.m */ = {isa = PBXFileReference; fileEncoding = 4; lastKnownFileType = sourcecode.c.objc; path = "UIView+MKAnnotationView.m"; sourceTree = "<group>"; };
		EEDED9FB1D16ACEE00AA0E29 /* Student.h */ = {isa = PBXFileReference; fileEncoding = 4; lastKnownFileType = sourcecode.c.h; path = Student.h; sourceTree = "<group>"; };
		EEDED9FC1D16ACEE00AA0E29 /* Student.m */ = {isa = PBXFileReference; fileEncoding = 4; lastKnownFileType = sourcecode.c.objc; path = Student.m; sourceTree = "<group>"; };
		EEDEDA031D17107100AA0E29 /* DetailViewController.h */ = {isa = PBXFileReference; fileEncoding = 4; lastKnownFileType = sourcecode.c.h; path = DetailViewController.h; sourceTree = "<group>"; };
		EEDEDA041D17107100AA0E29 /* DetailViewController.m */ = {isa = PBXFileReference; fileEncoding = 4; lastKnownFileType = sourcecode.c.objc; path = DetailViewController.m; sourceTree = "<group>"; };
		EEDEDA061D17108C00AA0E29 /* MapViewController.h */ = {isa = PBXFileReference; fileEncoding = 4; lastKnownFileType = sourcecode.c.h; path = MapViewController.h; sourceTree = "<group>"; };
		EEDEDA071D17108C00AA0E29 /* MapViewController.m */ = {isa = PBXFileReference; fileEncoding = 4; lastKnownFileType = sourcecode.c.objc; path = MapViewController.m; sourceTree = "<group>"; };
		EEDEDA091D180E4800AA0E29 /* MeetingPlace.h */ = {isa = PBXFileReference; fileEncoding = 4; lastKnownFileType = sourcecode.c.h; path = MeetingPlace.h; sourceTree = "<group>"; };
		EEDEDA0A1D180E4800AA0E29 /* MeetingPlace.m */ = {isa = PBXFileReference; fileEncoding = 4; lastKnownFileType = sourcecode.c.objc; path = MeetingPlace.m; sourceTree = "<group>"; };
		EEDEDA0C1D187E1E00AA0E29 /* StudentViewController.h */ = {isa = PBXFileReference; fileEncoding = 4; lastKnownFileType = sourcecode.c.h; path = StudentViewController.h; sourceTree = "<group>"; };
		EEDEDA0D1D187E1E00AA0E29 /* StudentViewController.m */ = {isa = PBXFileReference; fileEncoding = 4; lastKnownFileType = sourcecode.c.objc; path = StudentViewController.m; sourceTree = "<group>"; };
/* End PBXFileReference section */

/* Begin PBXFrameworksBuildPhase section */
		EED5EE1E1D115AD2001A3D4F /* Frameworks */ = {
			isa = PBXFrameworksBuildPhase;
			buildActionMask = 2147483647;
			files = (
				EED5EE421D115BD2001A3D4F /* Foundation.framework in Frameworks */,
				EED5EE401D115BC9001A3D4F /* UIKit.framework in Frameworks */,
				EED5EE3E1D115BC2001A3D4F /* CoreGraphics.framework in Frameworks */,
				EED5EE3C1D115BB3001A3D4F /* MapKit.framework in Frameworks */,
			);
			runOnlyForDeploymentPostprocessing = 0;
		};
/* End PBXFrameworksBuildPhase section */

/* Begin PBXGroup section */
		EED5EE181D115AD2001A3D4F = {
			isa = PBXGroup;
			children = (
				EED5EE411D115BD2001A3D4F /* Foundation.framework */,
				EED5EE3F1D115BC9001A3D4F /* UIKit.framework */,
				EED5EE3D1D115BC2001A3D4F /* CoreGraphics.framework */,
				EED5EE3B1D115BB3001A3D4F /* MapKit.framework */,
				EED5EE231D115AD3001A3D4F /* MapKit */,
				EED5EE221D115AD2001A3D4F /* Products */,
			);
			sourceTree = "<group>";
		};
		EED5EE221D115AD2001A3D4F /* Products */ = {
			isa = PBXGroup;
			children = (
				EED5EE211D115AD2001A3D4F /* MapKit.app */,
			);
			name = Products;
			sourceTree = "<group>";
		};
		EED5EE231D115AD3001A3D4F /* MapKit */ = {
			isa = PBXGroup;
			children = (
				EED5EE461D11EA4C001A3D4F /* UIView+MKAnnotationView.h */,
				EED5EE471D11EA4C001A3D4F /* UIView+MKAnnotationView.m */,
				EED5EE271D115AD3001A3D4F /* AppDelegate.h */,
				EED5EE281D115AD3001A3D4F /* AppDelegate.m */,
				EEDED9FE1D16AD1900AA0E29 /* Model */,
				EEDEDA021D16B51800AA0E29 /* Controllers */,
				EED5EE2D1D115AD3001A3D4F /* Main.storyboard */,
				EED5EE301D115AD3001A3D4F /* Assets.xcassets */,
				EED5EE321D115AD3001A3D4F /* LaunchScreen.storyboard */,
				EED5EE351D115AD3001A3D4F /* Info.plist */,
				EED5EE241D115AD3001A3D4F /* Supporting Files */,
			);
			path = MapKit;
			sourceTree = "<group>";
		};
		EED5EE241D115AD3001A3D4F /* Supporting Files */ = {
			isa = PBXGroup;
			children = (
				EED5EE251D115AD3001A3D4F /* main.m */,
			);
			name = "Supporting Files";
			sourceTree = "<group>";
		};
		EEDED9FE1D16AD1900AA0E29 /* Model */ = {
			isa = PBXGroup;
			children = (
				EED5EE431D116B23001A3D4F /* MapAnnotation.h */,
				EED5EE441D116B23001A3D4F /* MapAnnotation.m */,
				EEDEDA091D180E4800AA0E29 /* MeetingPlace.h */,
				EEDEDA0A1D180E4800AA0E29 /* MeetingPlace.m */,
				EEDED9FB1D16ACEE00AA0E29 /* Student.h */,
				EEDED9FC1D16ACEE00AA0E29 /* Student.m */,
			);
			name = Model;
			sourceTree = "<group>";
		};
		EEDEDA021D16B51800AA0E29 /* Controllers */ = {
			isa = PBXGroup;
			children = (
				EEDEDA0C1D187E1E00AA0E29 /* StudentViewController.h */,
				EEDEDA0D1D187E1E00AA0E29 /* StudentViewController.m */,
				EEDEDA061D17108C00AA0E29 /* MapViewController.h */,
				EEDEDA071D17108C00AA0E29 /* MapViewController.m */,
				EEDEDA031D17107100AA0E29 /* DetailViewController.h */,
				EEDEDA041D17107100AA0E29 /* DetailViewController.m */,
			);
			name = Controllers;
			sourceTree = "<group>";
		};
/* End PBXGroup section */

/* Begin PBXNativeTarget section */
		EED5EE201D115AD2001A3D4F /* MapKit */ = {
			isa = PBXNativeTarget;
			buildConfigurationList = EED5EE381D115AD3001A3D4F /* Build configuration list for PBXNativeTarget "MapKit" */;
			buildPhases = (
				EED5EE1D1D115AD2001A3D4F /* Sources */,
				EED5EE1E1D115AD2001A3D4F /* Frameworks */,
				EED5EE1F1D115AD2001A3D4F /* Resources */,
			);
			buildRules = (
			);
			dependencies = (
			);
			name = MapKit;
			productName = MapKit;
			productReference = EED5EE211D115AD2001A3D4F /* MapKit.app */;
			productType = "com.apple.product-type.application";
		};
/* End PBXNativeTarget section */

/* Begin PBXProject section */
		EED5EE191D115AD2001A3D4F /* Project object */ = {
			isa = PBXProject;
			attributes = {
				LastUpgradeCheck = 0720;
				ORGANIZATIONNAME = "Игорь Талов";
				TargetAttributes = {
					EED5EE201D115AD2001A3D4F = {
						CreatedOnToolsVersion = 7.2;
						DevelopmentTeam = GU388YC6S7;
					};
				};
			};
			buildConfigurationList = EED5EE1C1D115AD2001A3D4F /* Build configuration list for PBXProject "MapKit" */;
			compatibilityVersion = "Xcode 3.2";
			developmentRegion = English;
			hasScannedForEncodings = 0;
			knownRegions = (
				en,
				Base,
			);
			mainGroup = EED5EE181D115AD2001A3D4F;
			productRefGroup = EED5EE221D115AD2001A3D4F /* Products */;
			projectDirPath = "";
			projectRoot = "";
			targets = (
				EED5EE201D115AD2001A3D4F /* MapKit */,
			);
		};
/* End PBXProject section */

/* Begin PBXResourcesBuildPhase section */
		EED5EE1F1D115AD2001A3D4F /* Resources */ = {
			isa = PBXResourcesBuildPhase;
			buildActionMask = 2147483647;
			files = (
				EED5EE341D115AD3001A3D4F /* LaunchScreen.storyboard in Resources */,
				EED5EE311D115AD3001A3D4F /* Assets.xcassets in Resources */,
				EED5EE2F1D115AD3001A3D4F /* Main.storyboard in Resources */,
			);
			runOnlyForDeploymentPostprocessing = 0;
		};
/* End PBXResourcesBuildPhase section */

/* Begin PBXSourcesBuildPhase section */
		EED5EE1D1D115AD2001A3D4F /* Sources */ = {
			isa = PBXSourcesBuildPhase;
			buildActionMask = 2147483647;
			files = (
				EEDEDA0B1D180E4800AA0E29 /* MeetingPlace.m in Sources */,
				EED5EE291D115AD3001A3D4F /* AppDelegate.m in Sources */,
				EED5EE481D11EA4C001A3D4F /* UIView+MKAnnotationView.m in Sources */,
				EEDEDA0E1D187E1E00AA0E29 /* StudentViewController.m in Sources */,
				EEDEDA081D17108C00AA0E29 /* MapViewController.m in Sources */,
				EEDEDA051D17107200AA0E29 /* DetailViewController.m in Sources */,
				EED5EE261D115AD3001A3D4F /* main.m in Sources */,
				EED5EE451D116B23001A3D4F /* MapAnnotation.m in Sources */,
				EEDED9FD1D16ACEE00AA0E29 /* Student.m in Sources */,
			);
			runOnlyForDeploymentPostprocessing = 0;
		};
/* End PBXSourcesBuildPhase section */

/* Begin PBXVariantGroup section */
		EED5EE2D1D115AD3001A3D4F /* Main.storyboard */ = {
			isa = PBXVariantGroup;
			children = (
				EED5EE2E1D115AD3001A3D4F /* Base */,
			);
			name = Main.storyboard;
			sourceTree = "<group>";
		};
		EED5EE321D115AD3001A3D4F /* LaunchScreen.storyboard */ = {
			isa = PBXVariantGroup;
			children = (
				EED5EE331D115AD3001A3D4F /* Base */,
			);
			name = LaunchScreen.storyboard;
			sourceTree = "<group>";
		};
/* End PBXVariantGroup section */

/* Begin XCBuildConfiguration section */
		EED5EE361D115AD3001A3D4F /* Debug */ = {
			isa = XCBuildConfiguration;
			buildSettings = {
				ALWAYS_SEARCH_USER_PATHS = NO;
				CLANG_CXX_LANGUAGE_STANDARD = "gnu++0x";
				CLANG_CXX_LIBRARY = "libc++";
				CLANG_ENABLE_MODULES = YES;
				CLANG_ENABLE_OBJC_ARC = YES;
				CLANG_WARN_BOOL_CONVERSION = YES;
				CLANG_WARN_CONSTANT_CONVERSION = YES;
				CLANG_WARN_DIRECT_OBJC_ISA_USAGE = YES_ERROR;
				CLANG_WARN_EMPTY_BODY = YES;
				CLANG_WARN_ENUM_CONVERSION = YES;
				CLANG_WARN_INT_CONVERSION = YES;
				CLANG_WARN_OBJC_ROOT_CLASS = YES_ERROR;
				CLANG_WARN_UNREACHABLE_CODE = YES;
				CLANG_WARN__DUPLICATE_METHOD_MATCH = YES;
				"CODE_SIGN_IDENTITY[sdk=iphoneos*]" = "iPhone Developer";
				COPY_PHASE_STRIP = NO;
				DEBUG_INFORMATION_FORMAT = dwarf;
				ENABLE_STRICT_OBJC_MSGSEND = YES;
				ENABLE_TESTABILITY = YES;
				GCC_C_LANGUAGE_STANDARD = gnu99;
				GCC_DYNAMIC_NO_PIC = NO;
				GCC_NO_COMMON_BLOCKS = YES;
				GCC_OPTIMIZATION_LEVEL = 0;
				GCC_PREPROCESSOR_DEFINITIONS = (
					"DEBUG=1",
					"$(inherited)",
				);
				GCC_WARN_64_TO_32_BIT_CONVERSION = YES;
				GCC_WARN_ABOUT_RETURN_TYPE = YES_ERROR;
				GCC_WARN_UNDECLARED_SELECTOR = YES;
				GCC_WARN_UNINITIALIZED_AUTOS = YES_AGGRESSIVE;
				GCC_WARN_UNUSED_FUNCTION = YES;
				GCC_WARN_UNUSED_VARIABLE = YES;
				IPHONEOS_DEPLOYMENT_TARGET = 9.2;
				MTL_ENABLE_DEBUG_INFO = YES;
				ONLY_ACTIVE_ARCH = YES;
				SDKROOT = iphoneos;
			};
			name = Debug;
		};
		EED5EE371D115AD3001A3D4F /* Release */ = {
			isa = XCBuildConfiguration;
			buildSettings = {
				ALWAYS_SEARCH_USER_PATHS = NO;
				CLANG_CXX_LANGUAGE_STANDARD = "gnu++0x";
				CLANG_CXX_LIBRARY = "libc++";
				CLANG_ENABLE_MODULES = YES;
				CLANG_ENABLE_OBJC_ARC = YES;
				CLANG_WARN_BOOL_CONVERSION = YES;
				CLANG_WARN_CONSTANT_CONVERSION = YES;
				CLANG_WARN_DIRECT_OBJC_ISA_USAGE = YES_ERROR;
				CLANG_WARN_EMPTY_BODY = YES;
				CLANG_WARN_ENUM_CONVERSION = YES;
				CLANG_WARN_INT_CONVERSION = YES;
				CLANG_WARN_OBJC_ROOT_CLASS = YES_ERROR;
				CLANG_WARN_UNREACHABLE_CODE = YES;
				CLANG_WARN__DUPLICATE_METHOD_MATCH = YES;
				"CODE_SIGN_IDENTITY[sdk=iphoneos*]" = "iPhone Developer";
				COPY_PHASE_STRIP = NO;
				DEBUG_INFORMATION_FORMAT = "dwarf-with-dsym";
				ENABLE_NS_ASSERTIONS = NO;
				ENABLE_STRICT_OBJC_MSGSEND = YES;
				GCC_C_LANGUAGE_STANDARD = gnu99;
				GCC_NO_COMMON_BLOCKS = YES;
				GCC_WARN_64_TO_32_BIT_CONVERSION = YES;
				GCC_WARN_ABOUT_RETURN_TYPE = YES_ERROR;
				GCC_WARN_UNDECLARED_SELECTOR = YES;
				GCC_WARN_UNINITIALIZED_AUTOS = YES_AGGRESSIVE;
				GCC_WARN_UNUSED_FUNCTION = YES;
				GCC_WARN_UNUSED_VARIABLE = YES;
				IPHONEOS_DEPLOYMENT_TARGET = 9.2;
				MTL_ENABLE_DEBUG_INFO = NO;
				SDKROOT = iphoneos;
				VALIDATE_PRODUCT = YES;
			};
			name = Release;
		};
		EED5EE391D115AD3001A3D4F /* Debug */ = {
			isa = XCBuildConfiguration;
			buildSettings = {
				ASSETCATALOG_COMPILER_APPICON_NAME = AppIcon;
				CODE_SIGN_IDENTITY = "iPhone Developer";
				INFOPLIST_FILE = MapKit/Info.plist;
				IPHONEOS_DEPLOYMENT_TARGET = 7.1;
				LD_RUNPATH_SEARCH_PATHS = "$(inherited) @executable_path/Frameworks";
				PRODUCT_BUNDLE_IDENTIFIER = com.SealDeveloper.MapKit;
				PRODUCT_NAME = "$(TARGET_NAME)";
			};
			name = Debug;
		};
		EED5EE3A1D115AD3001A3D4F /* Release */ = {
			isa = XCBuildConfiguration;
			buildSettings = {
				ASSETCATALOG_COMPILER_APPICON_NAME = AppIcon;
				CODE_SIGN_IDENTITY = "iPhone Developer";
				INFOPLIST_FILE = MapKit/Info.plist;
				IPHONEOS_DEPLOYMENT_TARGET = 7.1;
				LD_RUNPATH_SEARCH_PATHS = "$(inherited) @executable_path/Frameworks";
				PRODUCT_BUNDLE_IDENTIFIER = com.SealDeveloper.MapKit;
				PRODUCT_NAME = "$(TARGET_NAME)";
			};
			name = Release;
		};
/* End XCBuildConfiguration section */

/* Begin XCConfigurationList section */
		EED5EE1C1D115AD2001A3D4F /* Build configuration list for PBXProject "MapKit" */ = {
			isa = XCConfigurationList;
			buildConfigurations = (
				EED5EE361D115AD3001A3D4F /* Debug */,
				EED5EE371D115AD3001A3D4F /* Release */,
			);
			defaultConfigurationIsVisible = 0;
			defaultConfigurationName = Release;
		};
		EED5EE381D115AD3001A3D4F /* Build configuration list for PBXNativeTarget "MapKit" */ = {
			isa = XCConfigurationList;
			buildConfigurations = (
				EED5EE391D115AD3001A3D4F /* Debug */,
				EED5EE3A1D115AD3001A3D4F /* Release */,
			);
			defaultConfigurationIsVisible = 0;
			defaultConfigurationName = Release;
		};
/* End XCConfigurationList section */
	};
	rootObject = EED5EE191D115AD2001A3D4F /* Project object */;
}
